
Microsoft Visual Studio Solution File, Format Version 12.00
Project("{FAE04EC0-301F-11D3-BF4B-00C04F79EFBC}") = "o_last_lab", "o_last_lab\o_last_lab.csproj", "{B90AC80E-73D9-4FF2-BDF4-8C7FDF1B1C69}"
EndProject
Global
	GlobalSection(SolutionConfigurationPlatforms) = preSolution
		Debug|Any CPU = Debug|Any CPU
		Release|Any CPU = Release|Any CPU
	EndGlobalSection
	GlobalSection(ProjectConfigurationPlatforms) = postSolution
		{B90AC80E-73D9-4FF2-BDF4-8C7FDF1B1C69}.Debug|Any CPU.ActiveCfg = Debug|Any CPU
		{B90AC80E-73D9-4FF2-BDF4-8C7FDF1B1C69}.Debug|Any CPU.Build.0 = Debug|Any CPU
		{B90AC80E-73D9-4FF2-BDF4-8C7FDF1B1C69}.Release|Any CPU.ActiveCfg = Release|Any CPU
		{B90AC80E-73D9-4FF2-BDF4-8C7FDF1B1C69}.Release|Any CPU.Build.0 = Release|Any CPU
	EndGlobalSection
EndGlobal
